
Microsoft Visual Studio Solution File, Format Version 12.00
# Visual Studio Version 17
VisualStudioVersion = 17.7.34031.279
MinimumVisualStudioVersion = 10.0.40219.1
Project("{FAE04EC0-301F-11D3-BF4B-00C04F79EFBC}") = "CTS.Kanban", "CTS.Kanban\CTS.Kanban.csproj", "{A49BC0AF-B1C9-47DD-B027-293165723B60}"
EndProject
Global
	GlobalSection(SolutionConfigurationPlatforms) = preSolution
		Debug|Any CPU = Debug|Any CPU
		Release|Any CPU = Release|Any CPU
	EndGlobalSection
	GlobalSection(ProjectConfigurationPlatforms) = postSolution
		{A49BC0AF-B1C9-47DD-B027-293165723B60}.Debug|Any CPU.ActiveCfg = Debug|Any CPU
		{A49BC0AF-B1C9-47DD-B027-293165723B60}.Debug|Any CPU.Build.0 = Debug|Any CPU
		{A49BC0AF-B1C9-47DD-B027-293165723B60}.Release|Any CPU.ActiveCfg = Release|Any CPU
		{A49BC0AF-B1C9-47DD-B027-293165723B60}.Release|Any CPU.Build.0 = Release|Any CPU
	EndGlobalSection
	GlobalSection(SolutionProperties) = preSolution
		HideSolutionNode = FALSE
	EndGlobalSection
	GlobalSection(ExtensibilityGlobals) = postSolution
		SolutionGuid = {9E5B384D-7DAD-40E2-AA8B-051144E8A42A}
	EndGlobalSection
EndGlobal
